
Microsoft Visual Studio Solution File, Format Version 12.00
# Visual Studio Version 17
VisualStudioVersion = 17.0.31903.59
MinimumVisualStudioVersion = 10.0.40219.1
Project("{FAE04EC0-301F-11D3-BF4B-00C04F79EFBC}") = "Dwalia", "Dwalia.csproj", "{6253A68F-C29C-4AAD-9483-95580CACF92A}"
EndProject
Global
	GlobalSection(SolutionConfigurationPlatforms) = preSolution
		Debug|Any CPU = Debug|Any CPU
		Release|Any CPU = Release|Any CPU
	EndGlobalSection
	GlobalSection(ProjectConfigurationPlatforms) = postSolution
		{6253A68F-C29C-4AAD-9483-95580CACF92A}.Debug|Any CPU.ActiveCfg = Debug|Any CPU
		{6253A68F-C29C-4AAD-9483-95580CACF92A}.Debug|Any CPU.Build.0 = Debug|Any CPU
		{6253A68F-C29C-4AAD-9483-95580CACF92A}.Release|Any CPU.ActiveCfg = Release|Any CPU
		{6253A68F-C29C-4AAD-9483-95580CACF92A}.Release|Any CPU.Build.0 = Release|Any CPU
	EndGlobalSection
EndGlobal
